
Microsoft Visual Studio Solution File, Format Version 12.00
# Visual Studio Version 17
VisualStudioVersion = 17.12.35527.113 d17.12
MinimumVisualStudioVersion = 10.0.40219.1
Project("{FAE04EC0-301F-11D3-BF4B-00C04F79EFBC}") = "AvaloniaInside.Shell.Issue64", "AvaloniaInside.Shell.Issue64\AvaloniaInside.Shell.Issue64.csproj", "{44FDDA31-DA03-4973-B84E-051E846D65C8}"
EndProject
Global
	GlobalSection(SolutionConfigurationPlatforms) = preSolution
		Debug|Any CPU = Debug|Any CPU
		Release|Any CPU = Release|Any CPU
	EndGlobalSection
	GlobalSection(ProjectConfigurationPlatforms) = postSolution
		{44FDDA31-DA03-4973-B84E-051E846D65C8}.Debug|Any CPU.ActiveCfg = Debug|Any CPU
		{44FDDA31-DA03-4973-B84E-051E846D65C8}.Debug|Any CPU.Build.0 = Debug|Any CPU
		{44FDDA31-DA03-4973-B84E-051E846D65C8}.Release|Any CPU.ActiveCfg = Release|Any CPU
		{44FDDA31-DA03-4973-B84E-051E846D65C8}.Release|Any CPU.Build.0 = Release|Any CPU
	EndGlobalSection
	GlobalSection(SolutionProperties) = preSolution
		HideSolutionNode = FALSE
	EndGlobalSection
EndGlobal
